{
  "version": 1,
  "dependencies": {
    "net10.0": {
      "Microsoft.NET.ILLink.Tasks": {
        "type": "Direct",
        "requested": "[10.0.10, )",
        "resolved": "10.0.10",
        "contentHash": "f5VCIE7AJpd5YvzNTeMGVzQIgyE9tX+AreTYwQF+REbu+DZo/2Ae+jNSwhPEYrVz6RRkd7y8ubXjk6Nn6Ka+Cg=="
      },
      "Tomlyn": {
        "type": "Direct",
        "requested": "[2.10.1, )",
        "resolved": "2.10.1",
        "contentHash": "ykjOY3IpYmC4SpPcAZRTl/w2jTmhPMDydHq8xcV7tTBAQ22nKBsOkPqauIrZlMjHm03cmKfV23UOPscKp+J4Og=="
      },
      "DiffPlex": {
        "type": "Transitive",
        "resolved": "1.9.0",
        "contentHash": "Z4IDEH6iOb6d+Y2QUjsbq1Fp5I/kwZzNdr/evBTbCGq+ShAjE4baLm7lX1tfjV2p34QI3V9kctCQziFuuKqeCA=="
      },
      "ICSharpCode.Decompiler": {
        "type": "Transitive",
        "resolved": "8.2.0.7535",
        "contentHash": "y4vSHtXCoTNISvvlxcskz+Hiw1vqY0kQsu0loO6nOsWwwZ60IxaTygEFapN2SuSB3SiswGPv535y/bV70Fm8hw=="
      },
      "Microsoft.CodeAnalysis.Analyzers": {
        "type": "Transitive",
        "resolved": "3.11.0",
        "contentHash": "v/EW3UE8/lbEYHoC2Qq7AR/DnmvpgdtAMndfQNmpuIMx/Mto8L5JnuCfdBYtgvalQOtfNCnxFejxuRrryvUTsg=="
      },
      "Microsoft.CodeAnalysis.Common": {
        "type": "Transitive",
        "resolved": "5.0.0",
        "contentHash": "ZXRAdvH6GiDeHRyd3q/km8Z44RoM6FBWHd+gen/la81mVnAdHTEsEkO5J0TCNXBymAcx5UYKt5TvgKBhaLJEow==",
        "dependencies": {
          "Microsoft.CodeAnalysis.Analyzers": "3.11.0"
        }
      },
      "Microsoft.CodeAnalysis.CSharp": {
        "type": "Transitive",
        "resolved": "5.0.0",
        "contentHash": "5DSyJ9bk+ATuDy7fp2Zt0mJStDVKbBoiz1DyfAwSa+k4H4IwykAUcV3URelw5b8/iVbfSaOwkwmPUZH6opZKCw==",
        "dependencies": {
          "Microsoft.CodeAnalysis.Analyzers": "3.11.0",
          "Microsoft.CodeAnalysis.Common": "[5.0.0]"
        }
      },
      "rimsearcher.core": {
        "type": "Project",
        "dependencies": {
          "DiffPlex": "[1.9.0, )",
          "ICSharpCode.Decompiler": "[8.2.0.7535, )",
          "Microsoft.CodeAnalysis.CSharp": "[5.0.0, )"
        }
      }
    },
    "net10.0/win-x64": {}
  }
}